
Microsoft Visual Studio Solution File, Format Version 12.00
# Visual Studio Version 16
VisualStudioVersion = 16.0.28315.86
MinimumVisualStudioVersion = 10.0.40219.1
Project("{2150E333-8FDC-42A3-9474-1A3956D46DE8}") = "Engine", "Engine", "{CE78730E-DADF-4C28-A747-298A3D15F726}"
EndProject
Project("{2150E333-8FDC-42A3-9474-1A3956D46DE8}") = "Games", "Games", "{AC028B17-B7B7-42FD-851A-CA1DDB9182B3}"
EndProject
Project("{8BC9CEB8-8B4A-11D0-8D11-00A0C91BC942}") = "UE4", "Intermediate\ProjectFiles\UE4.vcxproj", "{1B7B50B2-9285-47DD-8491-5FE05A967EC9}"
EndProject
Project("{8BC9CEB8-8B4A-11D0-8D11-00A0C91BC942}") = "GunGraves", "Intermediate\ProjectFiles\GunGraves.vcxproj", "{0859AF7D-C4E6-4973-BB55-86457D8AAC12}"
EndProject
Project("{2150E333-8FDC-42A3-9474-1A3956D46DE8}") = "Visualizers", "Visualizers", "{3CD283E3-17A8-4858-A997-0141B5C6196E}"
	ProjectSection(SolutionItems) = preProject
		..\..\..\..\..\Program Files\Epic Games\UE_4.24\Engine\Extras\VisualStudioDebugging\UE4.natvis = ..\..\..\..\..\Program Files\Epic Games\UE_4.24\Engine\Extras\VisualStudioDebugging\UE4.natvis
	EndProjectSection
EndProject
Global
	GlobalSection(SolutionConfigurationPlatforms) = preSolution
		DebugGame Editor|Win32 = DebugGame Editor|Win32
		DebugGame Editor|Win64 = DebugGame Editor|Win64
		DebugGame|Win32 = DebugGame|Win32
		DebugGame|Win64 = DebugGame|Win64
		Development Editor|Win32 = Development Editor|Win32
		Development Editor|Win64 = Development Editor|Win64
		Development|Win32 = Development|Win32
		Development|Win64 = Development|Win64
		Shipping|Win32 = Shipping|Win32
		Shipping|Win64 = Shipping|Win64
	EndGlobalSection
	GlobalSection(ProjectConfigurationPlatforms) = postSolution
		{1B7B50B2-9285-47DD-8491-5FE05A967EC9}.DebugGame Editor|Win32.ActiveCfg = BuiltWithUnrealBuildTool|Win32
		{1B7B50B2-9285-47DD-8491-5FE05A967EC9}.DebugGame Editor|Win64.ActiveCfg = BuiltWithUnrealBuildTool|Win32
		{1B7B50B2-9285-47DD-8491-5FE05A967EC9}.DebugGame|Win32.ActiveCfg = BuiltWithUnrealBuildTool|Win32
		{1B7B50B2-9285-47DD-8491-5FE05A967EC9}.DebugGame|Win64.ActiveCfg = BuiltWithUnrealBuildTool|Win32
		{1B7B50B2-9285-47DD-8491-5FE05A967EC9}.Development Editor|Win32.ActiveCfg = BuiltWithUnrealBuildTool|Win32
		{1B7B50B2-9285-47DD-8491-5FE05A967EC9}.Development Editor|Win64.ActiveCfg = BuiltWithUnrealBuildTool|Win32
		{1B7B50B2-9285-47DD-8491-5FE05A967EC9}.Development|Win32.ActiveCfg = BuiltWithUnrealBuildTool|Win32
		{1B7B50B2-9285-47DD-8491-5FE05A967EC9}.Development|Win64.ActiveCfg = BuiltWithUnrealBuildTool|Win32
		{1B7B50B2-9285-47DD-8491-5FE05A967EC9}.Shipping|Win32.ActiveCfg = BuiltWithUnrealBuildTool|Win32
		{1B7B50B2-9285-47DD-8491-5FE05A967EC9}.Shipping|Win64.ActiveCfg = BuiltWithUnrealBuildTool|Win32
		{0859AF7D-C4E6-4973-BB55-86457D8AAC12}.DebugGame Editor|Win32.ActiveCfg = Invalid|Win32
		{0859AF7D-C4E6-4973-BB55-86457D8AAC12}.DebugGame Editor|Win64.ActiveCfg = DebugGame_Editor|x64
		{0859AF7D-C4E6-4973-BB55-86457D8AAC12}.DebugGame Editor|Win64.Build.0 = DebugGame_Editor|x64
		{0859AF7D-C4E6-4973-BB55-86457D8AAC12}.DebugGame|Win32.ActiveCfg = DebugGame|Win32
		{0859AF7D-C4E6-4973-BB55-86457D8AAC12}.DebugGame|Win32.Build.0 = DebugGame|Win32
		{0859AF7D-C4E6-4973-BB55-86457D8AAC12}.DebugGame|Win64.ActiveCfg = DebugGame|x64
		{0859AF7D-C4E6-4973-BB55-86457D8AAC12}.DebugGame|Win64.Build.0 = DebugGame|x64
		{0859AF7D-C4E6-4973-BB55-86457D8AAC12}.Development Editor|Win32.ActiveCfg = Invalid|Win32
		{0859AF7D-C4E6-4973-BB55-86457D8AAC12}.Development Editor|Win64.ActiveCfg = Development_Editor|x64
		{0859AF7D-C4E6-4973-BB55-86457D8AAC12}.Development Editor|Win64.Build.0 = Development_Editor|x64
		{0859AF7D-C4E6-4973-BB55-86457D8AAC12}.Development|Win32.ActiveCfg = Development|Win32
		{0859AF7D-C4E6-4973-BB55-86457D8AAC12}.Development|Win32.Build.0 = Development|Win32
		{0859AF7D-C4E6-4973-BB55-86457D8AAC12}.Development|Win64.ActiveCfg = Development|x64
		{0859AF7D-C4E6-4973-BB55-86457D8AAC12}.Development|Win64.Build.0 = Development|x64
		{0859AF7D-C4E6-4973-BB55-86457D8AAC12}.Shipping|Win32.ActiveCfg = Shipping|Win32
		{0859AF7D-C4E6-4973-BB55-86457D8AAC12}.Shipping|Win32.Build.0 = Shipping|Win32
		{0859AF7D-C4E6-4973-BB55-86457D8AAC12}.Shipping|Win64.ActiveCfg = Shipping|x64
		{0859AF7D-C4E6-4973-BB55-86457D8AAC12}.Shipping|Win64.Build.0 = Shipping|x64
	EndGlobalSection
	GlobalSection(SolutionProperties) = preSolution
		HideSolutionNode = FALSE
	EndGlobalSection
	GlobalSection(NestedProjects) = preSolution
		{1B7B50B2-9285-47DD-8491-5FE05A967EC9} = {CE78730E-DADF-4C28-A747-298A3D15F726}
		{0859AF7D-C4E6-4973-BB55-86457D8AAC12} = {AC028B17-B7B7-42FD-851A-CA1DDB9182B3}
	EndGlobalSection
EndGlobal
